{
    "_readme": [
        "This file locks the dependencies of your project to a known state",
        "Read more about it at https://getcomposer.org/doc/01-basic-usage.md#composer-lock-the-lock-file",
        "This file is @generated automatically"
    ],
    "hash": "d3a2752db4632ed86095a52bafb51993",
    "content-hash": "32c7193a6b217ec3955e3a3cf9d1c800",
    "packages": [
        {
            "name": "websharks/sharkicons",
            "version": "160221",
            "source": {
                "type": "git",
                "url": "https://github.com/websharks/sharkicons.git",
                "reference": "2e6d6663c050f343fe944b424dea1759aa67cd05"
            },
            "dist": {
                "type": "zip",
                "url": "https://api.github.com/repos/websharks/sharkicons/zipball/2e6d6663c050f343fe944b424dea1759aa67cd05",
                "reference": "2e6d6663c050f343fe944b424dea1759aa67cd05",
                "shasum": ""
            },
            "require-dev": {
                "package/bourbon": "4.2.3"
            },
            "type": "library",
            "autoload": {
                "psr-4": []
            },
            "notification-url": "https://packagist.org/downloads/",
            "license": [
                "GPL-3.0+"
            ],
            "authors": [
                {
                    "name": "websharks",
                    "homepage": "http://websharks-inc.com/",
                    "role": "company"
                },
                {
                    "name": "jaswsinc",
                    "homepage": "http://jaswsinc.com/",
                    "role": "developer"
                },
                {
                    "name": "raamdev",
                    "homepage": "http://raam.org/",
                    "role": "developer"
                }
            ],
            "description": "Font containing WebSharks logos/icons.",
            "homepage": "https://github.com/websharks/sharkicons",
            "keywords": [
                "php",
                "websharks",
                "wordpress"
            ],
            "time": "2016-02-21 15:16:12"
        },
        {
            "name": "websharks/wp-php-rv",
            "version": "160824.6416",
            "source": {
                "type": "git",
                "url": "https://github.com/websharks/wp-php-rv.git",
                "reference": "d889d4ac090d674153a8de1ec2ae927527d66d35"
            },
            "dist": {
                "type": "zip",
                "url": "https://api.github.com/repos/websharks/wp-php-rv/zipball/d889d4ac090d674153a8de1ec2ae927527d66d35",
                "reference": "d889d4ac090d674153a8de1ec2ae927527d66d35",
                "shasum": ""
            },
            "require": {
                "php": ">=5.2"
            },
            "type": "library",
            "notification-url": "https://packagist.org/downloads/",
            "license": [
                "GPL-3.0+"
            ],
            "authors": [
                {
                    "name": "jaswsinc",
                    "homepage": "https://jaswsinc.com",
                    "role": "developer"
                },
                {
                    "name": "raamdev",
                    "homepage": "http://raam.org",
                    "role": "developer"
                },
                {
                    "name": "wpsharks",
                    "homepage": "https://wpsharks.com",
                    "role": "company"
                }
            ],
            "description": "Stub for WordPress themes/plugins that require PHP vX.x+.",
            "homepage": "https://github.com/websharks/wp-php-rv",
            "keywords": [
                "php",
                "websharks",
                "wordpress",
                "wpsharks"
            ],
            "time": "2016-08-24 01:47:28"
        }
    ],
    "packages-dev": [
        {
            "name": "package/bourbon",
            "version": "4.2.3",
            "dist": {
                "type": "zip",
                "url": "https://github.com/thoughtbot/bourbon/releases/download/v4.2.3/bourbon-v4.2.3.zip",
                "reference": null,
                "shasum": null
            },
            "type": "library"
        },
        {
            "name": "websharks/wp-i18n-tools",
            "version": "dev-master",
            "source": {
                "type": "git",
                "url": "https://github.com/websharks/wp-i18n-tools.git",
                "reference": "51e3a241dacdf34a56bc6999e89cca95885d7824"
            },
            "dist": {
                "type": "zip",
                "url": "https://api.github.com/repos/websharks/wp-i18n-tools/zipball/51e3a241dacdf34a56bc6999e89cca95885d7824",
                "reference": "51e3a241dacdf34a56bc6999e89cca95885d7824",
                "shasum": ""
            },
            "type": "library",
            "notification-url": "https://packagist.org/downloads/",
            "license": [
                "GPL-3.0+"
            ],
            "authors": [
                {
                    "name": "websharks",
                    "homepage": "http://websharks-inc.com/",
                    "role": "company"
                },
                {
                    "name": "jaswsinc",
                    "homepage": "http://jaswsinc.com/",
                    "role": "developer"
                },
                {
                    "name": "raamdev",
                    "homepage": "http://raam.org/",
                    "role": "developer"
                }
            ],
            "description": "WordPress i18n/translation tools.",
            "homepage": "https://github.com/websharks/wp-i18n-tools",
            "keywords": [
                "gettext",
                "i18n",
                "translation",
                "websharks",
                "wordpress"
            ],
            "time": "2016-09-08 17:23:41"
        }
    ],
    "aliases": [],
    "minimum-stability": "dev",
    "stability-flags": {
        "websharks/wp-i18n-tools": 20
    },
    "prefer-stable": true,
    "prefer-lowest": false,
    "platform": {
        "php": ">=5.4"
    },
    "platform-dev": []
}
